{
  "name": "@mohamad-org/micro-frontend-local-repository",
  "version": "1.0.0",
  "lockfileVersion": 2,
  "requires": true,
  "packages": {
    "": {
      "name": "@mohamad-org/micro-frontend-local-repository",
      "version": "1.0.0",
      "license": "ISC",
      "dependencies": {
        "@mohamad-org/app-one": "^1.0.0",
        "user": "*"
      }
    },
    "node_modules/@mohamad-org/app-one": {
      "version": "1.0.0",
      "resolved": "https://registry.npmjs.org/@mohamad-org/app-one/-/app-one-1.0.0.tgz",
      "integrity": "sha512-Gky0xhV7g1EaG3vHHJRLv64gZp7j5WxYSz80yV/Viy161xVX9JbvGDKoG4r/blGEzexGsRUqziKhSSsHYVI6HA==",
      "dependencies": {
        "core-js": "^3.6.5",
        "vue": "^2.6.11"
      }
    },
    "node_modules/core-js": {
      "version": "3.11.0",
      "resolved": "https://registry.npmjs.org/core-js/-/core-js-3.11.0.tgz",
      "integrity": "sha512-bd79DPpx+1Ilh9+30aT5O1sgpQd4Ttg8oqkqi51ZzhedMM1omD2e6IOF48Z/DzDCZ2svp49tN/3vneTK6ZBkXw==",
      "hasInstallScript": true,
      "funding": {
        "type": "opencollective",
        "url": "https://opencollective.com/core-js"
      }
    },
    "node_modules/user": {
      "version": "0.0.0",
      "resolved": "https://registry.npmjs.org/user/-/user-0.0.0.tgz",
      "integrity": "sha1-8n8bI/xRHyqO+kDbVc+6Ejgk4Co="
    },
    "node_modules/vue": {
      "version": "2.6.12",
      "resolved": "https://registry.npmjs.org/vue/-/vue-2.6.12.tgz",
      "integrity": "sha512-uhmLFETqPPNyuLLbsKz6ioJ4q7AZHzD8ZVFNATNyICSZouqP2Sz0rotWQC8UNBF6VGSCs5abnKJoStA6JbCbfg=="
    }
  },
  "dependencies": {
    "@mohamad-org/app-one": {
      "version": "1.0.0",
      "resolved": "https://registry.npmjs.org/@mohamad-org/app-one/-/app-one-1.0.0.tgz",
      "integrity": "sha512-Gky0xhV7g1EaG3vHHJRLv64gZp7j5WxYSz80yV/Viy161xVX9JbvGDKoG4r/blGEzexGsRUqziKhSSsHYVI6HA==",
      "requires": {
        "core-js": "^3.6.5",
        "vue": "^2.6.11"
      }
    },
    "core-js": {
      "version": "3.11.0",
      "resolved": "https://registry.npmjs.org/core-js/-/core-js-3.11.0.tgz",
      "integrity": "sha512-bd79DPpx+1Ilh9+30aT5O1sgpQd4Ttg8oqkqi51ZzhedMM1omD2e6IOF48Z/DzDCZ2svp49tN/3vneTK6ZBkXw=="
    },
    "user": {
      "version": "0.0.0",
      "resolved": "https://registry.npmjs.org/user/-/user-0.0.0.tgz",
      "integrity": "sha1-8n8bI/xRHyqO+kDbVc+6Ejgk4Co="
    },
    "vue": {
      "version": "2.6.12",
      "resolved": "https://registry.npmjs.org/vue/-/vue-2.6.12.tgz",
      "integrity": "sha512-uhmLFETqPPNyuLLbsKz6ioJ4q7AZHzD8ZVFNATNyICSZouqP2Sz0rotWQC8UNBF6VGSCs5abnKJoStA6JbCbfg=="
    }
  }
}
